
Microsoft Visual Studio Solution File, Format Version 12.00
# Visual Studio Version 16
VisualStudioVersion = 16.0.31112.23
MinimumVisualStudioVersion = 10.0.40219.1
Project("{FAE04EC0-301F-11D3-BF4B-00C04F79EFBC}") = "excelToDb", "excelToDb\excelToDb.csproj", "{A5FB8627-38DA-476E-B73A-FE1E40613E59}"
EndProject
Project("{FAE04EC0-301F-11D3-BF4B-00C04F79EFBC}") = "excelToDb.Data", "excelToDb.Services\excelToDb.Data.csproj", "{7DE8A9D0-06A1-4C3A-B09F-4059FF9C3A49}"
EndProject
Project("{FAE04EC0-301F-11D3-BF4B-00C04F79EFBC}") = "excelToDb.Web", "excelToDb.Web\excelToDb.Web.csproj", "{B471AA57-78AF-4257-BD4F-13F3DC52055B}"
EndProject
Project("{FAE04EC0-301F-11D3-BF4B-00C04F79EFBC}") = "excelToDb.Api", "excelToDb.Api\excelToDb.Api.csproj", "{B56A2DB8-FB84-4270-8D8B-2C73650C5F95}"
EndProject
Global
	GlobalSection(SolutionConfigurationPlatforms) = preSolution
		Debug|Any CPU = Debug|Any CPU
		Release|Any CPU = Release|Any CPU
	EndGlobalSection
	GlobalSection(ProjectConfigurationPlatforms) = postSolution
		{A5FB8627-38DA-476E-B73A-FE1E40613E59}.Debug|Any CPU.ActiveCfg = Debug|Any CPU
		{A5FB8627-38DA-476E-B73A-FE1E40613E59}.Debug|Any CPU.Build.0 = Debug|Any CPU
		{A5FB8627-38DA-476E-B73A-FE1E40613E59}.Release|Any CPU.ActiveCfg = Release|Any CPU
		{A5FB8627-38DA-476E-B73A-FE1E40613E59}.Release|Any CPU.Build.0 = Release|Any CPU
		{7DE8A9D0-06A1-4C3A-B09F-4059FF9C3A49}.Debug|Any CPU.ActiveCfg = Debug|Any CPU
		{7DE8A9D0-06A1-4C3A-B09F-4059FF9C3A49}.Debug|Any CPU.Build.0 = Debug|Any CPU
		{7DE8A9D0-06A1-4C3A-B09F-4059FF9C3A49}.Release|Any CPU.ActiveCfg = Release|Any CPU
		{7DE8A9D0-06A1-4C3A-B09F-4059FF9C3A49}.Release|Any CPU.Build.0 = Release|Any CPU
		{B471AA57-78AF-4257-BD4F-13F3DC52055B}.Debug|Any CPU.ActiveCfg = Debug|Any CPU
		{B471AA57-78AF-4257-BD4F-13F3DC52055B}.Debug|Any CPU.Build.0 = Debug|Any CPU
		{B471AA57-78AF-4257-BD4F-13F3DC52055B}.Release|Any CPU.ActiveCfg = Release|Any CPU
		{B471AA57-78AF-4257-BD4F-13F3DC52055B}.Release|Any CPU.Build.0 = Release|Any CPU
		{B56A2DB8-FB84-4270-8D8B-2C73650C5F95}.Debug|Any CPU.ActiveCfg = Debug|Any CPU
		{B56A2DB8-FB84-4270-8D8B-2C73650C5F95}.Debug|Any CPU.Build.0 = Debug|Any CPU
		{B56A2DB8-FB84-4270-8D8B-2C73650C5F95}.Release|Any CPU.ActiveCfg = Release|Any CPU
		{B56A2DB8-FB84-4270-8D8B-2C73650C5F95}.Release|Any CPU.Build.0 = Release|Any CPU
	EndGlobalSection
	GlobalSection(SolutionProperties) = preSolution
		HideSolutionNode = FALSE
	EndGlobalSection
	GlobalSection(ExtensibilityGlobals) = postSolution
		SolutionGuid = {1F94747F-7761-4BD9-B1EB-7845A3484C8F}
	EndGlobalSection
EndGlobal
